// !$*UTF8*$!
{
	archiveVersion = 1;
	classes = {
	};
	objectVersion = 46;
	objects = {

/* Begin PBXBuildFile section */
		50CFB74A1A9E41CC0089614D /* AppDelegate.swift in Sources */ = {isa = PBXBuildFile; fileRef = 50CFB7491A9E41CC0089614D /* AppDelegate.swift */; };
		50CFB74C1A9E41CC0089614D /* GameViewController.swift in Sources */ = {isa = PBXBuildFile; fileRef = 50CFB74B1A9E41CC0089614D /* GameViewController.swift */; };
		50CFB74E1A9E41CC0089614D /* Shaders.metal in Sources */ = {isa = PBXBuildFile; fileRef = 50CFB74D1A9E41CC0089614D /* Shaders.metal */; };
		50CFB7511A9E41CC0089614D /* Main.storyboard in Resources */ = {isa = PBXBuildFile; fileRef = 50CFB74F1A9E41CC0089614D /* Main.storyboard */; };
		50CFB7531A9E41CC0089614D /* Images.xcassets in Resources */ = {isa = PBXBuildFile; fileRef = 50CFB7521A9E41CC0089614D /* Images.xcassets */; };
		50CFB7561A9E41CC0089614D /* LaunchScreen.xib in Resources */ = {isa = PBXBuildFile; fileRef = 50CFB7541A9E41CC0089614D /* LaunchScreen.xib */; };
		50CFB7621A9E41CC0089614D /* Metal_3_0Tests.swift in Sources */ = {isa = PBXBuildFile; fileRef = 50CFB7611A9E41CC0089614D /* Metal_3_0Tests.swift */; };
		50CFB76C1A9E446E0089614D /* RMXDPad.swift in Sources */ = {isa = PBXBuildFile; fileRef = 50CFB76B1A9E446E0089614D /* RMXDPad.swift */; };
		50D0B8581A9E4C9900041E73 /* RMXValue.swift in Sources */ = {isa = PBXBuildFile; fileRef = 50F2A6F21A9E479700FCA5B9 /* RMXValue.swift */; };
/* End PBXBuildFile section */

/* Begin PBXContainerItemProxy section */
		50CFB75C1A9E41CC0089614D /* PBXContainerItemProxy */ = {
			isa = PBXContainerItemProxy;
			containerPortal = 50CFB73C1A9E41CC0089614D /* Project object */;
			proxyType = 1;
			remoteGlobalIDString = 50CFB7431A9E41CC0089614D;
			remoteInfo = "Metal 3.0";
		};
/* End PBXContainerItemProxy section */

/* Begin PBXFileReference section */
		50CFB7441A9E41CC0089614D /* Metal 3.0.app */ = {isa = PBXFileReference; explicitFileType = wrapper.application; includeInIndex = 0; path = "Metal 3.0.app"; sourceTree = BUILT_PRODUCTS_DIR; };
		50CFB7481A9E41CC0089614D /* Info.plist */ = {isa = PBXFileReference; lastKnownFileType = text.plist.xml; path = Info.plist; sourceTree = "<group>"; };
		50CFB7491A9E41CC0089614D /* AppDelegate.swift */ = {isa = PBXFileReference; lastKnownFileType = sourcecode.swift; path = AppDelegate.swift; sourceTree = "<group>"; };
		50CFB74B1A9E41CC0089614D /* GameViewController.swift */ = {isa = PBXFileReference; lastKnownFileType = sourcecode.swift; path = GameViewController.swift; sourceTree = "<group>"; };
		50CFB74D1A9E41CC0089614D /* Shaders.metal */ = {isa = PBXFileReference; lastKnownFileType = sourcecode.metal; path = Shaders.metal; sourceTree = "<group>"; };
		50CFB7501A9E41CC0089614D /* Base */ = {isa = PBXFileReference; lastKnownFileType = file.storyboard; name = Base; path = Base.lproj/Main.storyboard; sourceTree = "<group>"; };
		50CFB7521A9E41CC0089614D /* Images.xcassets */ = {isa = PBXFileReference; lastKnownFileType = folder.assetcatalog; path = Images.xcassets; sourceTree = "<group>"; };
		50CFB7551A9E41CC0089614D /* Base */ = {isa = PBXFileReference; lastKnownFileType = file.xib; name = Base; path = Base.lproj/LaunchScreen.xib; sourceTree = "<group>"; };
		50CFB75B1A9E41CC0089614D /* Metal 3.0Tests.xctest */ = {isa = PBXFileReference; explicitFileType = wrapper.cfbundle; includeInIndex = 0; path = "Metal 3.0Tests.xctest"; sourceTree = BUILT_PRODUCTS_DIR; };
		50CFB7601A9E41CC0089614D /* Info.plist */ = {isa = PBXFileReference; lastKnownFileType = text.plist.xml; path = Info.plist; sourceTree = "<group>"; };
		50CFB7611A9E41CC0089614D /* Metal_3_0Tests.swift */ = {isa = PBXFileReference; lastKnownFileType = sourcecode.swift; path = Metal_3_0Tests.swift; sourceTree = "<group>"; };
		50CFB76B1A9E446E0089614D /* RMXDPad.swift */ = {isa = PBXFileReference; fileEncoding = 4; lastKnownFileType = sourcecode.swift; path = RMXDPad.swift; sourceTree = "<group>"; };
		50D0B8561A9E49E700041E73 /* RMXLog.swift */ = {isa = PBXFileReference; fileEncoding = 4; lastKnownFileType = sourcecode.swift; path = RMXLog.swift; sourceTree = "<group>"; };
		50F2A6F21A9E479700FCA5B9 /* RMXValue.swift */ = {isa = PBXFileReference; fileEncoding = 4; lastKnownFileType = sourcecode.swift; path = RMXValue.swift; sourceTree = "<group>"; };
/* End PBXFileReference section */

/* Begin PBXFrameworksBuildPhase section */
		50CFB7411A9E41CC0089614D /* Frameworks */ = {
			isa = PBXFrameworksBuildPhase;
			buildActionMask = 2147483647;
			files = (
			);
			runOnlyForDeploymentPostprocessing = 0;
		};
		50CFB7581A9E41CC0089614D /* Frameworks */ = {
			isa = PBXFrameworksBuildPhase;
			buildActionMask = 2147483647;
			files = (
			);
			runOnlyForDeploymentPostprocessing = 0;
		};
/* End PBXFrameworksBuildPhase section */

/* Begin PBXGroup section */
		50CFB73B1A9E41CC0089614D = {
			isa = PBXGroup;
			children = (
				50CFB7461A9E41CC0089614D /* Metal 3.0 */,
				50CFB75E1A9E41CC0089614D /* Metal 3.0Tests */,
				50CFB7451A9E41CC0089614D /* Products */,
			);
			sourceTree = "<group>";
		};
		50CFB7451A9E41CC0089614D /* Products */ = {
			isa = PBXGroup;
			children = (
				50CFB7441A9E41CC0089614D /* Metal 3.0.app */,
				50CFB75B1A9E41CC0089614D /* Metal 3.0Tests.xctest */,
			);
			name = Products;
			sourceTree = "<group>";
		};
		50CFB7461A9E41CC0089614D /* Metal 3.0 */ = {
			isa = PBXGroup;
			children = (
				50CFB7491A9E41CC0089614D /* AppDelegate.swift */,
				50CFB74B1A9E41CC0089614D /* GameViewController.swift */,
				50CFB76B1A9E446E0089614D /* RMXDPad.swift */,
				50F2A6F21A9E479700FCA5B9 /* RMXValue.swift */,
				50D0B8561A9E49E700041E73 /* RMXLog.swift */,
				50CFB74D1A9E41CC0089614D /* Shaders.metal */,
				50CFB74F1A9E41CC0089614D /* Main.storyboard */,
				50CFB7521A9E41CC0089614D /* Images.xcassets */,
				50CFB7541A9E41CC0089614D /* LaunchScreen.xib */,
				50CFB7471A9E41CC0089614D /* Supporting Files */,
			);
			path = "Metal 3.0";
			sourceTree = "<group>";
		};
		50CFB7471A9E41CC0089614D /* Supporting Files */ = {
			isa = PBXGroup;
			children = (
				50CFB7481A9E41CC0089614D /* Info.plist */,
			);
			name = "Supporting Files";
			sourceTree = "<group>";
		};
		50CFB75E1A9E41CC0089614D /* Metal 3.0Tests */ = {
			isa = PBXGroup;
			children = (
				50CFB7611A9E41CC0089614D /* Metal_3_0Tests.swift */,
				50CFB75F1A9E41CC0089614D /* Supporting Files */,
			);
			path = "Metal 3.0Tests";
			sourceTree = "<group>";
		};
		50CFB75F1A9E41CC0089614D /* Supporting Files */ = {
			isa = PBXGroup;
			children = (
				50CFB7601A9E41CC0089614D /* Info.plist */,
			);
			name = "Supporting Files";
			sourceTree = "<group>";
		};
/* End PBXGroup section */

/* Begin PBXNativeTarget section */
		50CFB7431A9E41CC0089614D /* Metal 3.0 */ = {
			isa = PBXNativeTarget;
			buildConfigurationList = 50CFB7651A9E41CC0089614D /* Build configuration list for PBXNativeTarget "Metal 3.0" */;
			buildPhases = (
				50CFB7401A9E41CC0089614D /* Sources */,
				50CFB7411A9E41CC0089614D /* Frameworks */,
				50CFB7421A9E41CC0089614D /* Resources */,
			);
			buildRules = (
			);
			dependencies = (
			);
			name = "Metal 3.0";
			productName = "Metal 3.0";
			productReference = 50CFB7441A9E41CC0089614D /* Metal 3.0.app */;
			productType = "com.apple.product-type.application";
		};
		50CFB75A1A9E41CC0089614D /* Metal 3.0Tests */ = {
			isa = PBXNativeTarget;
			buildConfigurationList = 50CFB7681A9E41CC0089614D /* Build configuration list for PBXNativeTarget "Metal 3.0Tests" */;
			buildPhases = (
				50CFB7571A9E41CC0089614D /* Sources */,
				50CFB7581A9E41CC0089614D /* Frameworks */,
				50CFB7591A9E41CC0089614D /* Resources */,
			);
			buildRules = (
			);
			dependencies = (
				50CFB75D1A9E41CC0089614D /* PBXTargetDependency */,
			);
			name = "Metal 3.0Tests";
			productName = "Metal 3.0Tests";
			productReference = 50CFB75B1A9E41CC0089614D /* Metal 3.0Tests.xctest */;
			productType = "com.apple.product-type.bundle.unit-test";
		};
/* End PBXNativeTarget section */

/* Begin PBXProject section */
		50CFB73C1A9E41CC0089614D /* Project object */ = {
			isa = PBXProject;
			attributes = {
				LastUpgradeCheck = 0610;
				ORGANIZATIONNAME = "Rattle Media Ltd";
				TargetAttributes = {
					50CFB7431A9E41CC0089614D = {
						CreatedOnToolsVersion = 6.1.1;
					};
					50CFB75A1A9E41CC0089614D = {
						CreatedOnToolsVersion = 6.1.1;
						TestTargetID = 50CFB7431A9E41CC0089614D;
					};
				};
			};
			buildConfigurationList = 50CFB73F1A9E41CC0089614D /* Build configuration list for PBXProject "Metal 3.0" */;
			compatibilityVersion = "Xcode 3.2";
			developmentRegion = English;
			hasScannedForEncodings = 0;
			knownRegions = (
				en,
				Base,
			);
			mainGroup = 50CFB73B1A9E41CC0089614D;
			productRefGroup = 50CFB7451A9E41CC0089614D /* Products */;
			projectDirPath = "";
			projectRoot = "";
			targets = (
				50CFB7431A9E41CC0089614D /* Metal 3.0 */,
				50CFB75A1A9E41CC0089614D /* Metal 3.0Tests */,
			);
		};
/* End PBXProject section */

/* Begin PBXResourcesBuildPhase section */
		50CFB7421A9E41CC0089614D /* Resources */ = {
			isa = PBXResourcesBuildPhase;
			buildActionMask = 2147483647;
			files = (
				50CFB7511A9E41CC0089614D /* Main.storyboard in Resources */,
				50CFB7561A9E41CC0089614D /* LaunchScreen.xib in Resources */,
				50CFB7531A9E41CC0089614D /* Images.xcassets in Resources */,
			);
			runOnlyForDeploymentPostprocessing = 0;
		};
		50CFB7591A9E41CC0089614D /* Resources */ = {
			isa = PBXResourcesBuildPhase;
			buildActionMask = 2147483647;
			files = (
			);
			runOnlyForDeploymentPostprocessing = 0;
		};
/* End PBXResourcesBuildPhase section */

/* Begin PBXSourcesBuildPhase section */
		50CFB7401A9E41CC0089614D /* Sources */ = {
			isa = PBXSourcesBuildPhase;
			buildActionMask = 2147483647;
			files = (
				50CFB76C1A9E446E0089614D /* RMXDPad.swift in Sources */,
				50CFB74E1A9E41CC0089614D /* Shaders.metal in Sources */,
				50D0B8581A9E4C9900041E73 /* RMXValue.swift in Sources */,
				50CFB74C1A9E41CC0089614D /* GameViewController.swift in Sources */,
				50CFB74A1A9E41CC0089614D /* AppDelegate.swift in Sources */,
			);
			runOnlyForDeploymentPostprocessing = 0;
		};
		50CFB7571A9E41CC0089614D /* Sources */ = {
			isa = PBXSourcesBuildPhase;
			buildActionMask = 2147483647;
			files = (
				50CFB7621A9E41CC0089614D /* Metal_3_0Tests.swift in Sources */,
			);
			runOnlyForDeploymentPostprocessing = 0;
		};
/* End PBXSourcesBuildPhase section */

/* Begin PBXTargetDependency section */
		50CFB75D1A9E41CC0089614D /* PBXTargetDependency */ = {
			isa = PBXTargetDependency;
			target = 50CFB7431A9E41CC0089614D /* Metal 3.0 */;
			targetProxy = 50CFB75C1A9E41CC0089614D /* PBXContainerItemProxy */;
		};
/* End PBXTargetDependency section */

/* Begin PBXVariantGroup section */
		50CFB74F1A9E41CC0089614D /* Main.storyboard */ = {
			isa = PBXVariantGroup;
			children = (
				50CFB7501A9E41CC0089614D /* Base */,
			);
			name = Main.storyboard;
			sourceTree = "<group>";
		};
		50CFB7541A9E41CC0089614D /* LaunchScreen.xib */ = {
			isa = PBXVariantGroup;
			children = (
				50CFB7551A9E41CC0089614D /* Base */,
			);
			name = LaunchScreen.xib;
			sourceTree = "<group>";
		};
/* End PBXVariantGroup section */

/* Begin XCBuildConfiguration section */
		50CFB7631A9E41CC0089614D /* Debug */ = {
			isa = XCBuildConfiguration;
			buildSettings = {
				ALWAYS_SEARCH_USER_PATHS = NO;
				CLANG_CXX_LANGUAGE_STANDARD = "gnu++0x";
				CLANG_CXX_LIBRARY = "libc++";
				CLANG_ENABLE_MODULES = YES;
				CLANG_ENABLE_OBJC_ARC = YES;
				CLANG_WARN_BOOL_CONVERSION = YES;
				CLANG_WARN_CONSTANT_CONVERSION = YES;
				CLANG_WARN_DIRECT_OBJC_ISA_USAGE = YES_ERROR;
				CLANG_WARN_EMPTY_BODY = YES;
				CLANG_WARN_ENUM_CONVERSION = YES;
				CLANG_WARN_INT_CONVERSION = YES;
				CLANG_WARN_OBJC_ROOT_CLASS = YES_ERROR;
				CLANG_WARN_UNREACHABLE_CODE = YES;
				CLANG_WARN__DUPLICATE_METHOD_MATCH = YES;
				"CODE_SIGN_IDENTITY[sdk=iphoneos*]" = "iPhone Developer";
				COPY_PHASE_STRIP = NO;
				ENABLE_STRICT_OBJC_MSGSEND = YES;
				GCC_C_LANGUAGE_STANDARD = gnu99;
				GCC_DYNAMIC_NO_PIC = NO;
				GCC_OPTIMIZATION_LEVEL = 0;
				GCC_PREPROCESSOR_DEFINITIONS = (
					"DEBUG=1",
					"$(inherited)",
				);
				GCC_SYMBOLS_PRIVATE_EXTERN = NO;
				GCC_WARN_64_TO_32_BIT_CONVERSION = YES;
				GCC_WARN_ABOUT_RETURN_TYPE = YES_ERROR;
				GCC_WARN_UNDECLARED_SELECTOR = YES;
				GCC_WARN_UNINITIALIZED_AUTOS = YES_AGGRESSIVE;
				GCC_WARN_UNUSED_FUNCTION = YES;
				GCC_WARN_UNUSED_VARIABLE = YES;
				IPHONEOS_DEPLOYMENT_TARGET = 8.1;
				MTL_ENABLE_DEBUG_INFO = YES;
				ONLY_ACTIVE_ARCH = YES;
				SDKROOT = iphoneos;
				SWIFT_OPTIMIZATION_LEVEL = "-Onone";
				TARGETED_DEVICE_FAMILY = "1,2";
			};
			name = Debug;
		};
		50CFB7641A9E41CC0089614D /* Release */ = {
			isa = XCBuildConfiguration;
			buildSettings = {
				ALWAYS_SEARCH_USER_PATHS = NO;
				CLANG_CXX_LANGUAGE_STANDARD = "gnu++0x";
				CLANG_CXX_LIBRARY = "libc++";
				CLANG_ENABLE_MODULES = YES;
				CLANG_ENABLE_OBJC_ARC = YES;
				CLANG_WARN_BOOL_CONVERSION = YES;
				CLANG_WARN_CONSTANT_CONVERSION = YES;
				CLANG_WARN_DIRECT_OBJC_ISA_USAGE = YES_ERROR;
				CLANG_WARN_EMPTY_BODY = YES;
				CLANG_WARN_ENUM_CONVERSION = YES;
				CLANG_WARN_INT_CONVERSION = YES;
				CLANG_WARN_OBJC_ROOT_CLASS = YES_ERROR;
				CLANG_WARN_UNREACHABLE_CODE = YES;
				CLANG_WARN__DUPLICATE_METHOD_MATCH = YES;
				"CODE_SIGN_IDENTITY[sdk=iphoneos*]" = "iPhone Developer";
				COPY_PHASE_STRIP = YES;
				ENABLE_NS_ASSERTIONS = NO;
				ENABLE_STRICT_OBJC_MSGSEND = YES;
				GCC_C_LANGUAGE_STANDARD = gnu99;
				GCC_WARN_64_TO_32_BIT_CONVERSION = YES;
				GCC_WARN_ABOUT_RETURN_TYPE = YES_ERROR;
				GCC_WARN_UNDECLARED_SELECTOR = YES;
				GCC_WARN_UNINITIALIZED_AUTOS = YES_AGGRESSIVE;
				GCC_WARN_UNUSED_FUNCTION = YES;
				GCC_WARN_UNUSED_VARIABLE = YES;
				IPHONEOS_DEPLOYMENT_TARGET = 8.1;
				MTL_ENABLE_DEBUG_INFO = NO;
				SDKROOT = iphoneos;
				TARGETED_DEVICE_FAMILY = "1,2";
				VALIDATE_PRODUCT = YES;
			};
			name = Release;
		};
		50CFB7661A9E41CC0089614D /* Debug */ = {
			isa = XCBuildConfiguration;
			buildSettings = {
				ASSETCATALOG_COMPILER_APPICON_NAME = AppIcon;
				INFOPLIST_FILE = "Metal 3.0/Info.plist";
				LD_RUNPATH_SEARCH_PATHS = "$(inherited) @executable_path/Frameworks";
				PRODUCT_NAME = "$(TARGET_NAME)";
			};
			name = Debug;
		};
		50CFB7671A9E41CC0089614D /* Release */ = {
			isa = XCBuildConfiguration;
			buildSettings = {
				ASSETCATALOG_COMPILER_APPICON_NAME = AppIcon;
				INFOPLIST_FILE = "Metal 3.0/Info.plist";
				LD_RUNPATH_SEARCH_PATHS = "$(inherited) @executable_path/Frameworks";
				PRODUCT_NAME = "$(TARGET_NAME)";
			};
			name = Release;
		};
		50CFB7691A9E41CC0089614D /* Debug */ = {
			isa = XCBuildConfiguration;
			buildSettings = {
				BUNDLE_LOADER = "$(TEST_HOST)";
				FRAMEWORK_SEARCH_PATHS = (
					"$(SDKROOT)/Developer/Library/Frameworks",
					"$(inherited)",
				);
				GCC_PREPROCESSOR_DEFINITIONS = (
					"DEBUG=1",
					"$(inherited)",
				);
				INFOPLIST_FILE = "Metal 3.0Tests/Info.plist";
				LD_RUNPATH_SEARCH_PATHS = "$(inherited) @executable_path/Frameworks @loader_path/Frameworks";
				PRODUCT_NAME = "$(TARGET_NAME)";
				TEST_HOST = "$(BUILT_PRODUCTS_DIR)/Metal 3.0.app/Metal 3.0";
			};
			name = Debug;
		};
		50CFB76A1A9E41CC0089614D /* Release */ = {
			isa = XCBuildConfiguration;
			buildSettings = {
				BUNDLE_LOADER = "$(TEST_HOST)";
				FRAMEWORK_SEARCH_PATHS = (
					"$(SDKROOT)/Developer/Library/Frameworks",
					"$(inherited)",
				);
				INFOPLIST_FILE = "Metal 3.0Tests/Info.plist";
				LD_RUNPATH_SEARCH_PATHS = "$(inherited) @executable_path/Frameworks @loader_path/Frameworks";
				PRODUCT_NAME = "$(TARGET_NAME)";
				TEST_HOST = "$(BUILT_PRODUCTS_DIR)/Metal 3.0.app/Metal 3.0";
			};
			name = Release;
		};
/* End XCBuildConfiguration section */

/* Begin XCConfigurationList section */
		50CFB73F1A9E41CC0089614D /* Build configuration list for PBXProject "Metal 3.0" */ = {
			isa = XCConfigurationList;
			buildConfigurations = (
				50CFB7631A9E41CC0089614D /* Debug */,
				50CFB7641A9E41CC0089614D /* Release */,
			);
			defaultConfigurationIsVisible = 0;
			defaultConfigurationName = Release;
		};
		50CFB7651A9E41CC0089614D /* Build configuration list for PBXNativeTarget "Metal 3.0" */ = {
			isa = XCConfigurationList;
			buildConfigurations = (
				50CFB7661A9E41CC0089614D /* Debug */,
				50CFB7671A9E41CC0089614D /* Release */,
			);
			defaultConfigurationIsVisible = 0;
			defaultConfigurationName = Release;
		};
		50CFB7681A9E41CC0089614D /* Build configuration list for PBXNativeTarget "Metal 3.0Tests" */ = {
			isa = XCConfigurationList;
			buildConfigurations = (
				50CFB7691A9E41CC0089614D /* Debug */,
				50CFB76A1A9E41CC0089614D /* Release */,
			);
			defaultConfigurationIsVisible = 0;
			defaultConfigurationName = Release;
		};
/* End XCConfigurationList section */
	};
	rootObject = 50CFB73C1A9E41CC0089614D /* Project object */;
}
