// !$*UTF8*$!
{
	archiveVersion = 1;
	classes = {
	};
	objectVersion = 46;
	objects = {

/* Begin PBXBuildFile section */
		5035B1391A99EC4A00E16AF7 /* main.m in Sources */ = {isa = PBXBuildFile; fileRef = 5035B1381A99EC4A00E16AF7 /* main.m */; };
		5035B13C1A99EC4A00E16AF7 /* AppDelegate.m in Sources */ = {isa = PBXBuildFile; fileRef = 5035B13B1A99EC4A00E16AF7 /* AppDelegate.m */; };
		5035B13E1A99EC4A00E16AF7 /* Shader.fsh in Resources */ = {isa = PBXBuildFile; fileRef = 5035B13D1A99EC4A00E16AF7 /* Shader.fsh */; };
		5035B1401A99EC4A00E16AF7 /* Shader.vsh in Resources */ = {isa = PBXBuildFile; fileRef = 5035B13F1A99EC4A00E16AF7 /* Shader.vsh */; };
		5035B1431A99EC4A00E16AF7 /* GameViewController.m in Sources */ = {isa = PBXBuildFile; fileRef = 5035B1421A99EC4A00E16AF7 /* GameViewController.m */; };
		5035B1461A99EC4A00E16AF7 /* Main.storyboard in Resources */ = {isa = PBXBuildFile; fileRef = 5035B1441A99EC4A00E16AF7 /* Main.storyboard */; };
		5035B1481A99EC4A00E16AF7 /* Images.xcassets in Resources */ = {isa = PBXBuildFile; fileRef = 5035B1471A99EC4A00E16AF7 /* Images.xcassets */; };
		5035B14B1A99EC4A00E16AF7 /* LaunchScreen.xib in Resources */ = {isa = PBXBuildFile; fileRef = 5035B1491A99EC4A00E16AF7 /* LaunchScreen.xib */; };
		5035B1571A99EC4A00E16AF7 /* Lets_Make_a_GLES_gameTests.m in Sources */ = {isa = PBXBuildFile; fileRef = 5035B1561A99EC4A00E16AF7 /* Lets_Make_a_GLES_gameTests.m */; };
		5035B18A1A99ED2E00E16AF7 /* Info.plist in Resources */ = {isa = PBXBuildFile; fileRef = 5035B1791A99ED2E00E16AF7 /* Info.plist */; };
		5035B18B1A99ED2E00E16AF7 /* main.m in Sources */ = {isa = PBXBuildFile; fileRef = 5035B17C1A99ED2E00E16AF7 /* main.m */; };
/* End PBXBuildFile section */

/* Begin PBXContainerItemProxy section */
		5035B1511A99EC4A00E16AF7 /* PBXContainerItemProxy */ = {
			isa = PBXContainerItemProxy;
			containerPortal = 5035B12B1A99EC4A00E16AF7 /* Project object */;
			proxyType = 1;
			remoteGlobalIDString = 5035B1321A99EC4A00E16AF7;
			remoteInfo = "Lets Make a GLES game";
		};
/* End PBXContainerItemProxy section */

/* Begin PBXFileReference section */
		5035B1331A99EC4A00E16AF7 /* Lets Make a GLES game.app */ = {isa = PBXFileReference; explicitFileType = wrapper.application; includeInIndex = 0; path = "Lets Make a GLES game.app"; sourceTree = BUILT_PRODUCTS_DIR; };
		5035B1371A99EC4A00E16AF7 /* Info.plist */ = {isa = PBXFileReference; lastKnownFileType = text.plist.xml; path = Info.plist; sourceTree = "<group>"; };
		5035B1381A99EC4A00E16AF7 /* main.m */ = {isa = PBXFileReference; lastKnownFileType = sourcecode.c.objc; path = main.m; sourceTree = "<group>"; };
		5035B13A1A99EC4A00E16AF7 /* AppDelegate.h */ = {isa = PBXFileReference; lastKnownFileType = sourcecode.c.h; path = AppDelegate.h; sourceTree = "<group>"; };
		5035B13B1A99EC4A00E16AF7 /* AppDelegate.m */ = {isa = PBXFileReference; lastKnownFileType = sourcecode.c.objc; path = AppDelegate.m; sourceTree = "<group>"; };
		5035B13D1A99EC4A00E16AF7 /* Shader.fsh */ = {isa = PBXFileReference; lastKnownFileType = sourcecode.glsl; name = Shader.fsh; path = Shaders/Shader.fsh; sourceTree = "<group>"; };
		5035B13F1A99EC4A00E16AF7 /* Shader.vsh */ = {isa = PBXFileReference; lastKnownFileType = sourcecode.glsl; name = Shader.vsh; path = Shaders/Shader.vsh; sourceTree = "<group>"; };
		5035B1411A99EC4A00E16AF7 /* GameViewController.h */ = {isa = PBXFileReference; lastKnownFileType = sourcecode.c.h; path = GameViewController.h; sourceTree = "<group>"; };
		5035B1421A99EC4A00E16AF7 /* GameViewController.m */ = {isa = PBXFileReference; lastKnownFileType = sourcecode.c.objc; path = GameViewController.m; sourceTree = "<group>"; };
		5035B1451A99EC4A00E16AF7 /* Base */ = {isa = PBXFileReference; lastKnownFileType = file.storyboard; name = Base; path = Base.lproj/Main.storyboard; sourceTree = "<group>"; };
		5035B1471A99EC4A00E16AF7 /* Images.xcassets */ = {isa = PBXFileReference; lastKnownFileType = folder.assetcatalog; path = Images.xcassets; sourceTree = "<group>"; };
		5035B14A1A99EC4A00E16AF7 /* Base */ = {isa = PBXFileReference; lastKnownFileType = file.xib; name = Base; path = Base.lproj/LaunchScreen.xib; sourceTree = "<group>"; };
		5035B1501A99EC4A00E16AF7 /* Lets Make a GLES gameTests.xctest */ = {isa = PBXFileReference; explicitFileType = wrapper.cfbundle; includeInIndex = 0; path = "Lets Make a GLES gameTests.xctest"; sourceTree = BUILT_PRODUCTS_DIR; };
		5035B1551A99EC4A00E16AF7 /* Info.plist */ = {isa = PBXFileReference; lastKnownFileType = text.plist.xml; path = Info.plist; sourceTree = "<group>"; };
		5035B1561A99EC4A00E16AF7 /* Lets_Make_a_GLES_gameTests.m */ = {isa = PBXFileReference; lastKnownFileType = sourcecode.c.objc; path = Lets_Make_a_GLES_gameTests.m; sourceTree = "<group>"; };
		5035B1771A99ED2E00E16AF7 /* Art.h */ = {isa = PBXFileReference; fileEncoding = 4; lastKnownFileType = sourcecode.c.h; path = Art.h; sourceTree = "<group>"; };
		5035B1781A99ED2E00E16AF7 /* DisplayProcessor.h */ = {isa = PBXFileReference; fileEncoding = 4; lastKnownFileType = sourcecode.c.h; path = DisplayProcessor.h; sourceTree = "<group>"; };
		5035B1791A99ED2E00E16AF7 /* Info.plist */ = {isa = PBXFileReference; fileEncoding = 4; lastKnownFileType = text.plist.xml; path = Info.plist; sourceTree = "<group>"; };
		5035B17A1A99ED2E00E16AF7 /* KeyboardProcessor.h */ = {isa = PBXFileReference; fileEncoding = 4; lastKnownFileType = sourcecode.c.h; path = KeyboardProcessor.h; sourceTree = "<group>"; };
		5035B17B1A99ED2E00E16AF7 /* LightSource.h */ = {isa = PBXFileReference; fileEncoding = 4; lastKnownFileType = sourcecode.c.h; path = LightSource.h; sourceTree = "<group>"; };
		5035B17C1A99ED2E00E16AF7 /* main.m */ = {isa = PBXFileReference; fileEncoding = 4; lastKnownFileType = sourcecode.c.objc; path = main.m; sourceTree = "<group>"; };
		5035B17D1A99ED2E00E16AF7 /* Menu.h */ = {isa = PBXFileReference; fileEncoding = 4; lastKnownFileType = sourcecode.c.h; path = Menu.h; sourceTree = "<group>"; };
		5035B17E1A99ED2E00E16AF7 /* Mouse.h */ = {isa = PBXFileReference; fileEncoding = 4; lastKnownFileType = sourcecode.c.h; path = Mouse.h; sourceTree = "<group>"; };
		5035B17F1A99ED2E00E16AF7 /* MouseProcessor.h */ = {isa = PBXFileReference; fileEncoding = 4; lastKnownFileType = sourcecode.c.h; path = MouseProcessor.h; sourceTree = "<group>"; };
		5035B1801A99ED2E00E16AF7 /* Observer.h */ = {isa = PBXFileReference; fileEncoding = 4; lastKnownFileType = sourcecode.c.h; path = Observer.h; sourceTree = "<group>"; };
		5035B1811A99ED2E00E16AF7 /* oHeader.h */ = {isa = PBXFileReference; fileEncoding = 4; lastKnownFileType = sourcecode.c.h; path = oHeader.h; sourceTree = "<group>"; };
		5035B1821A99ED2E00E16AF7 /* Particle.h */ = {isa = PBXFileReference; fileEncoding = 4; lastKnownFileType = sourcecode.c.h; path = Particle.h; sourceTree = "<group>"; };
		5035B1831A99ED2E00E16AF7 /* Physics.h */ = {isa = PBXFileReference; fileEncoding = 4; lastKnownFileType = sourcecode.c.h; path = Physics.h; sourceTree = "<group>"; };
		5035B1841A99ED2E00E16AF7 /* RMXDebugger.h */ = {isa = PBXFileReference; fileEncoding = 4; lastKnownFileType = sourcecode.c.h; path = RMXDebugger.h; sourceTree = "<group>"; };
		5035B1851A99ED2E00E16AF7 /* RMXEventProcessor.h */ = {isa = PBXFileReference; fileEncoding = 4; lastKnownFileType = sourcecode.c.h; path = RMXEventProcessor.h; sourceTree = "<group>"; };
		5035B1861A99ED2E00E16AF7 /* ShapeObject.h */ = {isa = PBXFileReference; fileEncoding = 4; lastKnownFileType = sourcecode.c.h; path = ShapeObject.h; sourceTree = "<group>"; };
		5035B1871A99ED2E00E16AF7 /* Shapes.h */ = {isa = PBXFileReference; fileEncoding = 4; lastKnownFileType = sourcecode.c.h; path = Shapes.h; sourceTree = "<group>"; };
		5035B1881A99ED2E00E16AF7 /* Window.h */ = {isa = PBXFileReference; fileEncoding = 4; lastKnownFileType = sourcecode.c.h; path = Window.h; sourceTree = "<group>"; };
		5035B1891A99ED2E00E16AF7 /* World.h */ = {isa = PBXFileReference; fileEncoding = 4; lastKnownFileType = sourcecode.c.h; path = World.h; sourceTree = "<group>"; };
		5035B18C1A99ED6200E16AF7 /* Protocols.h */ = {isa = PBXFileReference; lastKnownFileType = sourcecode.c.h; path = Protocols.h; sourceTree = "<group>"; };
		5035B18E1A99ED7500E16AF7 /* RMXDataTypes.h */ = {isa = PBXFileReference; fileEncoding = 4; lastKnownFileType = sourcecode.c.h; path = RMXDataTypes.h; sourceTree = "<group>"; };
		5035B18F1A99ED7500E16AF7 /* RMXEquations.h */ = {isa = PBXFileReference; fileEncoding = 4; lastKnownFileType = sourcecode.c.h; path = RMXEquations.h; sourceTree = "<group>"; };
		5035B1901A99ED7500E16AF7 /* RMXMaths.h */ = {isa = PBXFileReference; fileEncoding = 4; lastKnownFileType = sourcecode.c.h; path = RMXMaths.h; sourceTree = "<group>"; };
		5035B1911A99ED7500E16AF7 /* RMXObject.h */ = {isa = PBXFileReference; fileEncoding = 4; lastKnownFileType = sourcecode.c.h; path = RMXObject.h; sourceTree = "<group>"; };
/* End PBXFileReference section */

/* Begin PBXFrameworksBuildPhase section */
		5035B1301A99EC4A00E16AF7 /* Frameworks */ = {
			isa = PBXFrameworksBuildPhase;
			buildActionMask = 2147483647;
			files = (
			);
			runOnlyForDeploymentPostprocessing = 0;
		};
		5035B14D1A99EC4A00E16AF7 /* Frameworks */ = {
			isa = PBXFrameworksBuildPhase;
			buildActionMask = 2147483647;
			files = (
			);
			runOnlyForDeploymentPostprocessing = 0;
		};
/* End PBXFrameworksBuildPhase section */

/* Begin PBXGroup section */
		5035B12A1A99EC4A00E16AF7 = {
			isa = PBXGroup;
			children = (
				5035B18D1A99ED7500E16AF7 /* C */,
				5035B1761A99ED2E00E16AF7 /* Objective-C */,
				5035B1351A99EC4A00E16AF7 /* Lets Make a GLES game */,
				5035B1531A99EC4A00E16AF7 /* Lets Make a GLES gameTests */,
				5035B1341A99EC4A00E16AF7 /* Products */,
			);
			sourceTree = "<group>";
		};
		5035B1341A99EC4A00E16AF7 /* Products */ = {
			isa = PBXGroup;
			children = (
				5035B1331A99EC4A00E16AF7 /* Lets Make a GLES game.app */,
				5035B1501A99EC4A00E16AF7 /* Lets Make a GLES gameTests.xctest */,
			);
			name = Products;
			sourceTree = "<group>";
		};
		5035B1351A99EC4A00E16AF7 /* Lets Make a GLES game */ = {
			isa = PBXGroup;
			children = (
				5035B13A1A99EC4A00E16AF7 /* AppDelegate.h */,
				5035B13B1A99EC4A00E16AF7 /* AppDelegate.m */,
				5035B13D1A99EC4A00E16AF7 /* Shader.fsh */,
				5035B13F1A99EC4A00E16AF7 /* Shader.vsh */,
				5035B1411A99EC4A00E16AF7 /* GameViewController.h */,
				5035B1421A99EC4A00E16AF7 /* GameViewController.m */,
				5035B1441A99EC4A00E16AF7 /* Main.storyboard */,
				5035B1471A99EC4A00E16AF7 /* Images.xcassets */,
				5035B1491A99EC4A00E16AF7 /* LaunchScreen.xib */,
				5035B1361A99EC4A00E16AF7 /* Supporting Files */,
			);
			path = "Lets Make a GLES game";
			sourceTree = "<group>";
		};
		5035B1361A99EC4A00E16AF7 /* Supporting Files */ = {
			isa = PBXGroup;
			children = (
				5035B1371A99EC4A00E16AF7 /* Info.plist */,
				5035B1381A99EC4A00E16AF7 /* main.m */,
			);
			name = "Supporting Files";
			sourceTree = "<group>";
		};
		5035B1531A99EC4A00E16AF7 /* Lets Make a GLES gameTests */ = {
			isa = PBXGroup;
			children = (
				5035B1561A99EC4A00E16AF7 /* Lets_Make_a_GLES_gameTests.m */,
				5035B1541A99EC4A00E16AF7 /* Supporting Files */,
			);
			path = "Lets Make a GLES gameTests";
			sourceTree = "<group>";
		};
		5035B1541A99EC4A00E16AF7 /* Supporting Files */ = {
			isa = PBXGroup;
			children = (
				5035B1551A99EC4A00E16AF7 /* Info.plist */,
			);
			name = "Supporting Files";
			sourceTree = "<group>";
		};
		5035B1761A99ED2E00E16AF7 /* Objective-C */ = {
			isa = PBXGroup;
			children = (
				5035B18C1A99ED6200E16AF7 /* Protocols.h */,
				5035B1771A99ED2E00E16AF7 /* Art.h */,
				5035B1781A99ED2E00E16AF7 /* DisplayProcessor.h */,
				5035B1791A99ED2E00E16AF7 /* Info.plist */,
				5035B17A1A99ED2E00E16AF7 /* KeyboardProcessor.h */,
				5035B17B1A99ED2E00E16AF7 /* LightSource.h */,
				5035B17C1A99ED2E00E16AF7 /* main.m */,
				5035B17D1A99ED2E00E16AF7 /* Menu.h */,
				5035B17E1A99ED2E00E16AF7 /* Mouse.h */,
				5035B17F1A99ED2E00E16AF7 /* MouseProcessor.h */,
				5035B1801A99ED2E00E16AF7 /* Observer.h */,
				5035B1811A99ED2E00E16AF7 /* oHeader.h */,
				5035B1821A99ED2E00E16AF7 /* Particle.h */,
				5035B1831A99ED2E00E16AF7 /* Physics.h */,
				5035B1841A99ED2E00E16AF7 /* RMXDebugger.h */,
				5035B1851A99ED2E00E16AF7 /* RMXEventProcessor.h */,
				5035B1861A99ED2E00E16AF7 /* ShapeObject.h */,
				5035B1871A99ED2E00E16AF7 /* Shapes.h */,
				5035B1881A99ED2E00E16AF7 /* Window.h */,
				5035B1891A99ED2E00E16AF7 /* World.h */,
			);
			path = "Objective-C";
			sourceTree = "<group>";
		};
		5035B18D1A99ED7500E16AF7 /* C */ = {
			isa = PBXGroup;
			children = (
				5035B18E1A99ED7500E16AF7 /* RMXDataTypes.h */,
				5035B18F1A99ED7500E16AF7 /* RMXEquations.h */,
				5035B1901A99ED7500E16AF7 /* RMXMaths.h */,
				5035B1911A99ED7500E16AF7 /* RMXObject.h */,
			);
			name = C;
			path = ../C;
			sourceTree = "<group>";
		};
/* End PBXGroup section */

/* Begin PBXNativeTarget section */
		5035B1321A99EC4A00E16AF7 /* Lets Make a GLES game */ = {
			isa = PBXNativeTarget;
			buildConfigurationList = 5035B15A1A99EC4A00E16AF7 /* Build configuration list for PBXNativeTarget "Lets Make a GLES game" */;
			buildPhases = (
				5035B12F1A99EC4A00E16AF7 /* Sources */,
				5035B1301A99EC4A00E16AF7 /* Frameworks */,
				5035B1311A99EC4A00E16AF7 /* Resources */,
			);
			buildRules = (
			);
			dependencies = (
			);
			name = "Lets Make a GLES game";
			productName = "Lets Make a GLES game";
			productReference = 5035B1331A99EC4A00E16AF7 /* Lets Make a GLES game.app */;
			productType = "com.apple.product-type.application";
		};
		5035B14F1A99EC4A00E16AF7 /* Lets Make a GLES gameTests */ = {
			isa = PBXNativeTarget;
			buildConfigurationList = 5035B15D1A99EC4A00E16AF7 /* Build configuration list for PBXNativeTarget "Lets Make a GLES gameTests" */;
			buildPhases = (
				5035B14C1A99EC4A00E16AF7 /* Sources */,
				5035B14D1A99EC4A00E16AF7 /* Frameworks */,
				5035B14E1A99EC4A00E16AF7 /* Resources */,
			);
			buildRules = (
			);
			dependencies = (
				5035B1521A99EC4A00E16AF7 /* PBXTargetDependency */,
			);
			name = "Lets Make a GLES gameTests";
			productName = "Lets Make a GLES gameTests";
			productReference = 5035B1501A99EC4A00E16AF7 /* Lets Make a GLES gameTests.xctest */;
			productType = "com.apple.product-type.bundle.unit-test";
		};
/* End PBXNativeTarget section */

/* Begin PBXProject section */
		5035B12B1A99EC4A00E16AF7 /* Project object */ = {
			isa = PBXProject;
			attributes = {
				LastUpgradeCheck = 0610;
				ORGANIZATIONNAME = "Rattle Media Ltd";
				TargetAttributes = {
					5035B1321A99EC4A00E16AF7 = {
						CreatedOnToolsVersion = 6.1.1;
					};
					5035B14F1A99EC4A00E16AF7 = {
						CreatedOnToolsVersion = 6.1.1;
						TestTargetID = 5035B1321A99EC4A00E16AF7;
					};
				};
			};
			buildConfigurationList = 5035B12E1A99EC4A00E16AF7 /* Build configuration list for PBXProject "Lets Make a GLES game" */;
			compatibilityVersion = "Xcode 3.2";
			developmentRegion = English;
			hasScannedForEncodings = 0;
			knownRegions = (
				en,
				Base,
			);
			mainGroup = 5035B12A1A99EC4A00E16AF7;
			productRefGroup = 5035B1341A99EC4A00E16AF7 /* Products */;
			projectDirPath = "";
			projectRoot = "";
			targets = (
				5035B1321A99EC4A00E16AF7 /* Lets Make a GLES game */,
				5035B14F1A99EC4A00E16AF7 /* Lets Make a GLES gameTests */,
			);
		};
/* End PBXProject section */

/* Begin PBXResourcesBuildPhase section */
		5035B1311A99EC4A00E16AF7 /* Resources */ = {
			isa = PBXResourcesBuildPhase;
			buildActionMask = 2147483647;
			files = (
				5035B14B1A99EC4A00E16AF7 /* LaunchScreen.xib in Resources */,
				5035B1461A99EC4A00E16AF7 /* Main.storyboard in Resources */,
				5035B18A1A99ED2E00E16AF7 /* Info.plist in Resources */,
				5035B1481A99EC4A00E16AF7 /* Images.xcassets in Resources */,
				5035B1401A99EC4A00E16AF7 /* Shader.vsh in Resources */,
				5035B13E1A99EC4A00E16AF7 /* Shader.fsh in Resources */,
			);
			runOnlyForDeploymentPostprocessing = 0;
		};
		5035B14E1A99EC4A00E16AF7 /* Resources */ = {
			isa = PBXResourcesBuildPhase;
			buildActionMask = 2147483647;
			files = (
			);
			runOnlyForDeploymentPostprocessing = 0;
		};
/* End PBXResourcesBuildPhase section */

/* Begin PBXSourcesBuildPhase section */
		5035B12F1A99EC4A00E16AF7 /* Sources */ = {
			isa = PBXSourcesBuildPhase;
			buildActionMask = 2147483647;
			files = (
				5035B13C1A99EC4A00E16AF7 /* AppDelegate.m in Sources */,
				5035B1431A99EC4A00E16AF7 /* GameViewController.m in Sources */,
				5035B18B1A99ED2E00E16AF7 /* main.m in Sources */,
				5035B1391A99EC4A00E16AF7 /* main.m in Sources */,
			);
			runOnlyForDeploymentPostprocessing = 0;
		};
		5035B14C1A99EC4A00E16AF7 /* Sources */ = {
			isa = PBXSourcesBuildPhase;
			buildActionMask = 2147483647;
			files = (
				5035B1571A99EC4A00E16AF7 /* Lets_Make_a_GLES_gameTests.m in Sources */,
			);
			runOnlyForDeploymentPostprocessing = 0;
		};
/* End PBXSourcesBuildPhase section */

/* Begin PBXTargetDependency section */
		5035B1521A99EC4A00E16AF7 /* PBXTargetDependency */ = {
			isa = PBXTargetDependency;
			target = 5035B1321A99EC4A00E16AF7 /* Lets Make a GLES game */;
			targetProxy = 5035B1511A99EC4A00E16AF7 /* PBXContainerItemProxy */;
		};
/* End PBXTargetDependency section */

/* Begin PBXVariantGroup section */
		5035B1441A99EC4A00E16AF7 /* Main.storyboard */ = {
			isa = PBXVariantGroup;
			children = (
				5035B1451A99EC4A00E16AF7 /* Base */,
			);
			name = Main.storyboard;
			sourceTree = "<group>";
		};
		5035B1491A99EC4A00E16AF7 /* LaunchScreen.xib */ = {
			isa = PBXVariantGroup;
			children = (
				5035B14A1A99EC4A00E16AF7 /* Base */,
			);
			name = LaunchScreen.xib;
			sourceTree = "<group>";
		};
/* End PBXVariantGroup section */

/* Begin XCBuildConfiguration section */
		5035B1581A99EC4A00E16AF7 /* Debug */ = {
			isa = XCBuildConfiguration;
			buildSettings = {
				ALWAYS_SEARCH_USER_PATHS = NO;
				CLANG_CXX_LANGUAGE_STANDARD = "gnu++0x";
				CLANG_CXX_LIBRARY = "libc++";
				CLANG_ENABLE_MODULES = YES;
				CLANG_ENABLE_OBJC_ARC = YES;
				CLANG_WARN_BOOL_CONVERSION = YES;
				CLANG_WARN_CONSTANT_CONVERSION = YES;
				CLANG_WARN_DIRECT_OBJC_ISA_USAGE = YES_ERROR;
				CLANG_WARN_EMPTY_BODY = YES;
				CLANG_WARN_ENUM_CONVERSION = YES;
				CLANG_WARN_INT_CONVERSION = YES;
				CLANG_WARN_OBJC_ROOT_CLASS = YES_ERROR;
				CLANG_WARN_UNREACHABLE_CODE = YES;
				CLANG_WARN__DUPLICATE_METHOD_MATCH = YES;
				"CODE_SIGN_IDENTITY[sdk=iphoneos*]" = "iPhone Developer";
				COPY_PHASE_STRIP = NO;
				ENABLE_STRICT_OBJC_MSGSEND = YES;
				GCC_C_LANGUAGE_STANDARD = gnu99;
				GCC_DYNAMIC_NO_PIC = NO;
				GCC_OPTIMIZATION_LEVEL = 0;
				GCC_PREPROCESSOR_DEFINITIONS = (
					"DEBUG=1",
					"$(inherited)",
				);
				GCC_SYMBOLS_PRIVATE_EXTERN = NO;
				GCC_WARN_64_TO_32_BIT_CONVERSION = YES;
				GCC_WARN_ABOUT_RETURN_TYPE = YES_ERROR;
				GCC_WARN_UNDECLARED_SELECTOR = YES;
				GCC_WARN_UNINITIALIZED_AUTOS = YES_AGGRESSIVE;
				GCC_WARN_UNUSED_FUNCTION = YES;
				GCC_WARN_UNUSED_VARIABLE = YES;
				IPHONEOS_DEPLOYMENT_TARGET = 8.1;
				MTL_ENABLE_DEBUG_INFO = YES;
				ONLY_ACTIVE_ARCH = YES;
				SDKROOT = iphoneos;
				TARGETED_DEVICE_FAMILY = "1,2";
			};
			name = Debug;
		};
		5035B1591A99EC4A00E16AF7 /* Release */ = {
			isa = XCBuildConfiguration;
			buildSettings = {
				ALWAYS_SEARCH_USER_PATHS = NO;
				CLANG_CXX_LANGUAGE_STANDARD = "gnu++0x";
				CLANG_CXX_LIBRARY = "libc++";
				CLANG_ENABLE_MODULES = YES;
				CLANG_ENABLE_OBJC_ARC = YES;
				CLANG_WARN_BOOL_CONVERSION = YES;
				CLANG_WARN_CONSTANT_CONVERSION = YES;
				CLANG_WARN_DIRECT_OBJC_ISA_USAGE = YES_ERROR;
				CLANG_WARN_EMPTY_BODY = YES;
				CLANG_WARN_ENUM_CONVERSION = YES;
				CLANG_WARN_INT_CONVERSION = YES;
				CLANG_WARN_OBJC_ROOT_CLASS = YES_ERROR;
				CLANG_WARN_UNREACHABLE_CODE = YES;
				CLANG_WARN__DUPLICATE_METHOD_MATCH = YES;
				"CODE_SIGN_IDENTITY[sdk=iphoneos*]" = "iPhone Developer";
				COPY_PHASE_STRIP = YES;
				ENABLE_NS_ASSERTIONS = NO;
				ENABLE_STRICT_OBJC_MSGSEND = YES;
				GCC_C_LANGUAGE_STANDARD = gnu99;
				GCC_WARN_64_TO_32_BIT_CONVERSION = YES;
				GCC_WARN_ABOUT_RETURN_TYPE = YES_ERROR;
				GCC_WARN_UNDECLARED_SELECTOR = YES;
				GCC_WARN_UNINITIALIZED_AUTOS = YES_AGGRESSIVE;
				GCC_WARN_UNUSED_FUNCTION = YES;
				GCC_WARN_UNUSED_VARIABLE = YES;
				IPHONEOS_DEPLOYMENT_TARGET = 8.1;
				MTL_ENABLE_DEBUG_INFO = NO;
				SDKROOT = iphoneos;
				TARGETED_DEVICE_FAMILY = "1,2";
				VALIDATE_PRODUCT = YES;
			};
			name = Release;
		};
		5035B15B1A99EC4A00E16AF7 /* Debug */ = {
			isa = XCBuildConfiguration;
			buildSettings = {
				ASSETCATALOG_COMPILER_APPICON_NAME = AppIcon;
				INFOPLIST_FILE = "Lets Make a GLES game/Info.plist";
				LD_RUNPATH_SEARCH_PATHS = "$(inherited) @executable_path/Frameworks";
				PRODUCT_NAME = "$(TARGET_NAME)";
			};
			name = Debug;
		};
		5035B15C1A99EC4A00E16AF7 /* Release */ = {
			isa = XCBuildConfiguration;
			buildSettings = {
				ASSETCATALOG_COMPILER_APPICON_NAME = AppIcon;
				INFOPLIST_FILE = "Lets Make a GLES game/Info.plist";
				LD_RUNPATH_SEARCH_PATHS = "$(inherited) @executable_path/Frameworks";
				PRODUCT_NAME = "$(TARGET_NAME)";
			};
			name = Release;
		};
		5035B15E1A99EC4A00E16AF7 /* Debug */ = {
			isa = XCBuildConfiguration;
			buildSettings = {
				BUNDLE_LOADER = "$(TEST_HOST)";
				FRAMEWORK_SEARCH_PATHS = (
					"$(SDKROOT)/Developer/Library/Frameworks",
					"$(inherited)",
				);
				GCC_PREPROCESSOR_DEFINITIONS = (
					"DEBUG=1",
					"$(inherited)",
				);
				INFOPLIST_FILE = "Lets Make a GLES gameTests/Info.plist";
				LD_RUNPATH_SEARCH_PATHS = "$(inherited) @executable_path/Frameworks @loader_path/Frameworks";
				PRODUCT_NAME = "$(TARGET_NAME)";
				TEST_HOST = "$(BUILT_PRODUCTS_DIR)/Lets Make a GLES game.app/Lets Make a GLES game";
			};
			name = Debug;
		};
		5035B15F1A99EC4A00E16AF7 /* Release */ = {
			isa = XCBuildConfiguration;
			buildSettings = {
				BUNDLE_LOADER = "$(TEST_HOST)";
				FRAMEWORK_SEARCH_PATHS = (
					"$(SDKROOT)/Developer/Library/Frameworks",
					"$(inherited)",
				);
				INFOPLIST_FILE = "Lets Make a GLES gameTests/Info.plist";
				LD_RUNPATH_SEARCH_PATHS = "$(inherited) @executable_path/Frameworks @loader_path/Frameworks";
				PRODUCT_NAME = "$(TARGET_NAME)";
				TEST_HOST = "$(BUILT_PRODUCTS_DIR)/Lets Make a GLES game.app/Lets Make a GLES game";
			};
			name = Release;
		};
/* End XCBuildConfiguration section */

/* Begin XCConfigurationList section */
		5035B12E1A99EC4A00E16AF7 /* Build configuration list for PBXProject "Lets Make a GLES game" */ = {
			isa = XCConfigurationList;
			buildConfigurations = (
				5035B1581A99EC4A00E16AF7 /* Debug */,
				5035B1591A99EC4A00E16AF7 /* Release */,
			);
			defaultConfigurationIsVisible = 0;
			defaultConfigurationName = Release;
		};
		5035B15A1A99EC4A00E16AF7 /* Build configuration list for PBXNativeTarget "Lets Make a GLES game" */ = {
			isa = XCConfigurationList;
			buildConfigurations = (
				5035B15B1A99EC4A00E16AF7 /* Debug */,
				5035B15C1A99EC4A00E16AF7 /* Release */,
			);
			defaultConfigurationIsVisible = 0;
		};
		5035B15D1A99EC4A00E16AF7 /* Build configuration list for PBXNativeTarget "Lets Make a GLES gameTests" */ = {
			isa = XCConfigurationList;
			buildConfigurations = (
				5035B15E1A99EC4A00E16AF7 /* Debug */,
				5035B15F1A99EC4A00E16AF7 /* Release */,
			);
			defaultConfigurationIsVisible = 0;
		};
/* End XCConfigurationList section */
	};
	rootObject = 5035B12B1A99EC4A00E16AF7 /* Project object */;
}
